
Microsoft Visual Studio Solution File, Format Version 12.00
# Visual Studio Version 16
VisualStudioVersion = 16.0.30611.23
MinimumVisualStudioVersion = 10.0.40219.1
Project("{FAE04EC0-301F-11D3-BF4B-00C04F79EFBC}") = "DisneyBroker", "DisneyBroker\DisneyBroker.csproj", "{44BD845E-A295-41F3-9FA7-FD79523FA872}"
EndProject
Global
	GlobalSection(SolutionConfigurationPlatforms) = preSolution
		Debug|Any CPU = Debug|Any CPU
		Release|Any CPU = Release|Any CPU
	EndGlobalSection
	GlobalSection(ProjectConfigurationPlatforms) = postSolution
		{44BD845E-A295-41F3-9FA7-FD79523FA872}.Debug|Any CPU.ActiveCfg = Debug|Any CPU
		{44BD845E-A295-41F3-9FA7-FD79523FA872}.Debug|Any CPU.Build.0 = Debug|Any CPU
		{44BD845E-A295-41F3-9FA7-FD79523FA872}.Release|Any CPU.ActiveCfg = Release|Any CPU
		{44BD845E-A295-41F3-9FA7-FD79523FA872}.Release|Any CPU.Build.0 = Release|Any CPU
	EndGlobalSection
	GlobalSection(SolutionProperties) = preSolution
		HideSolutionNode = FALSE
	EndGlobalSection
	GlobalSection(ExtensibilityGlobals) = postSolution
		SolutionGuid = {B196AC7A-047E-48C1-B1BF-B90B67CBB861}
	EndGlobalSection
EndGlobal
